
Microsoft Visual Studio Solution File, Format Version 12.00
# Visual Studio 2015
Project("{FAE04EC0-301F-11D3-BF4B-00C04F79EFBC}") = "Build 3-26", "Build 3-26.csproj", "{6AF5BB41-FDCB-02D4-F4C7-AC710572D3A6}"
EndProject
Project("{FAE04EC0-301F-11D3-BF4B-00C04F79EFBC}") = "Build 3-26.Editor", "Build 3-26.Editor.csproj", "{55DAACB8-55A4-5B4A-D61F-6FEF8E0007D0}"
EndProject
Global
	GlobalSection(SolutionConfigurationPlatforms) = preSolution
		Debug|Any CPU = Debug|Any CPU
		Release|Any CPU = Release|Any CPU
	EndGlobalSection
	GlobalSection(ProjectConfigurationPlatforms) = postSolution
		{6AF5BB41-FDCB-02D4-F4C7-AC710572D3A6}.Debug|Any CPU.ActiveCfg = Debug|Any CPU
		{6AF5BB41-FDCB-02D4-F4C7-AC710572D3A6}.Debug|Any CPU.Build.0 = Debug|Any CPU
		{6AF5BB41-FDCB-02D4-F4C7-AC710572D3A6}.Release|Any CPU.ActiveCfg = Release|Any CPU
		{6AF5BB41-FDCB-02D4-F4C7-AC710572D3A6}.Release|Any CPU.Build.0 = Release|Any CPU
		{55DAACB8-55A4-5B4A-D61F-6FEF8E0007D0}.Debug|Any CPU.ActiveCfg = Debug|Any CPU
		{55DAACB8-55A4-5B4A-D61F-6FEF8E0007D0}.Debug|Any CPU.Build.0 = Debug|Any CPU
		{55DAACB8-55A4-5B4A-D61F-6FEF8E0007D0}.Release|Any CPU.ActiveCfg = Release|Any CPU
		{55DAACB8-55A4-5B4A-D61F-6FEF8E0007D0}.Release|Any CPU.Build.0 = Release|Any CPU
	EndGlobalSection
	GlobalSection(SolutionProperties) = preSolution
		HideSolutionNode = FALSE
	EndGlobalSection
EndGlobal
