
Microsoft Visual Studio Solution File, Format Version 12.00
# Visual Studio 2015
Project("{FAE04EC0-301F-11D3-BF4B-00C04F79EFBC}") = "Build 3-27", "Build 3-27.csproj", "{2B53732F-5A05-651E-9EA7-189E6DF31A79}"
EndProject
Project("{FAE04EC0-301F-11D3-BF4B-00C04F79EFBC}") = "Build 3-27.Editor", "Build 3-27.Editor.csproj", "{4EFF7C2E-7E12-8E54-6263-EFB6ED31D114}"
EndProject
Global
	GlobalSection(SolutionConfigurationPlatforms) = preSolution
		Debug|Any CPU = Debug|Any CPU
		Release|Any CPU = Release|Any CPU
	EndGlobalSection
	GlobalSection(ProjectConfigurationPlatforms) = postSolution
		{2B53732F-5A05-651E-9EA7-189E6DF31A79}.Debug|Any CPU.ActiveCfg = Debug|Any CPU
		{2B53732F-5A05-651E-9EA7-189E6DF31A79}.Debug|Any CPU.Build.0 = Debug|Any CPU
		{2B53732F-5A05-651E-9EA7-189E6DF31A79}.Release|Any CPU.ActiveCfg = Release|Any CPU
		{2B53732F-5A05-651E-9EA7-189E6DF31A79}.Release|Any CPU.Build.0 = Release|Any CPU
		{4EFF7C2E-7E12-8E54-6263-EFB6ED31D114}.Debug|Any CPU.ActiveCfg = Debug|Any CPU
		{4EFF7C2E-7E12-8E54-6263-EFB6ED31D114}.Debug|Any CPU.Build.0 = Debug|Any CPU
		{4EFF7C2E-7E12-8E54-6263-EFB6ED31D114}.Release|Any CPU.ActiveCfg = Release|Any CPU
		{4EFF7C2E-7E12-8E54-6263-EFB6ED31D114}.Release|Any CPU.Build.0 = Release|Any CPU
	EndGlobalSection
	GlobalSection(SolutionProperties) = preSolution
		HideSolutionNode = FALSE
	EndGlobalSection
EndGlobal
