
Microsoft Visual Studio Solution File, Format Version 12.00
# Visual Studio 2015
Project("{FAE04EC0-301F-11D3-BF4B-00C04F79EFBC}") = "Build 3-16", "Build 3-16.csproj", "{51C4A39D-8517-833B-81A7-91B68AD4CD17}"
EndProject
Project("{FAE04EC0-301F-11D3-BF4B-00C04F79EFBC}") = "Build 3-16.Editor", "Build 3-16.Editor.csproj", "{B7718893-A3EC-FF94-39F8-77C584C5184F}"
EndProject
Global
	GlobalSection(SolutionConfigurationPlatforms) = preSolution
		Debug|Any CPU = Debug|Any CPU
		Release|Any CPU = Release|Any CPU
	EndGlobalSection
	GlobalSection(ProjectConfigurationPlatforms) = postSolution
		{51C4A39D-8517-833B-81A7-91B68AD4CD17}.Debug|Any CPU.ActiveCfg = Debug|Any CPU
		{51C4A39D-8517-833B-81A7-91B68AD4CD17}.Debug|Any CPU.Build.0 = Debug|Any CPU
		{51C4A39D-8517-833B-81A7-91B68AD4CD17}.Release|Any CPU.ActiveCfg = Release|Any CPU
		{51C4A39D-8517-833B-81A7-91B68AD4CD17}.Release|Any CPU.Build.0 = Release|Any CPU
		{B7718893-A3EC-FF94-39F8-77C584C5184F}.Debug|Any CPU.ActiveCfg = Debug|Any CPU
		{B7718893-A3EC-FF94-39F8-77C584C5184F}.Debug|Any CPU.Build.0 = Debug|Any CPU
		{B7718893-A3EC-FF94-39F8-77C584C5184F}.Release|Any CPU.ActiveCfg = Release|Any CPU
		{B7718893-A3EC-FF94-39F8-77C584C5184F}.Release|Any CPU.Build.0 = Release|Any CPU
	EndGlobalSection
	GlobalSection(SolutionProperties) = preSolution
		HideSolutionNode = FALSE
	EndGlobalSection
EndGlobal
